
Microsoft Visual Studio Solution File, Format Version 12.00
# Visual Studio 15
VisualStudioVersion = 15.0.28010.2016
MinimumVisualStudioVersion = 10.0.40219.1
Project("{FAE04EC0-301F-11D3-BF4B-00C04F79EFBC}") = "TodoApp", "TodoApp\TodoApp.csproj", "{5F140868-639D-46B8-B7F3-54530A3E2966}"
EndProject
Project("{FAE04EC0-301F-11D3-BF4B-00C04F79EFBC}") = "TodoApp.Tests", "TodoApp.Tests\TodoApp.Tests.csproj", "{16623CB6-238F-4147-A521-B6086F3423B1}"
EndProject
Global
	GlobalSection(SolutionConfigurationPlatforms) = preSolution
		Debug|Any CPU = Debug|Any CPU
		Release|Any CPU = Release|Any CPU
	EndGlobalSection
	GlobalSection(ProjectConfigurationPlatforms) = postSolution
		{5F140868-639D-46B8-B7F3-54530A3E2966}.Debug|Any CPU.ActiveCfg = Debug|Any CPU
		{5F140868-639D-46B8-B7F3-54530A3E2966}.Debug|Any CPU.Build.0 = Debug|Any CPU
		{5F140868-639D-46B8-B7F3-54530A3E2966}.Release|Any CPU.ActiveCfg = Release|Any CPU
		{5F140868-639D-46B8-B7F3-54530A3E2966}.Release|Any CPU.Build.0 = Release|Any CPU
		{16623CB6-238F-4147-A521-B6086F3423B1}.Debug|Any CPU.ActiveCfg = Debug|Any CPU
		{16623CB6-238F-4147-A521-B6086F3423B1}.Debug|Any CPU.Build.0 = Debug|Any CPU
		{16623CB6-238F-4147-A521-B6086F3423B1}.Release|Any CPU.ActiveCfg = Release|Any CPU
		{16623CB6-238F-4147-A521-B6086F3423B1}.Release|Any CPU.Build.0 = Release|Any CPU
	EndGlobalSection
	GlobalSection(SolutionProperties) = preSolution
		HideSolutionNode = FALSE
	EndGlobalSection
	GlobalSection(ExtensibilityGlobals) = postSolution
		SolutionGuid = {CD6E0668-D795-4227-B183-0018FD6F143A}
	EndGlobalSection
EndGlobal
